
Microsoft Visual Studio Solution File, Format Version 12.00
# Visual Studio 15
VisualStudioVersion = 15.0.28307.106
MinimumVisualStudioVersion = 10.0.40219.1
Project("{FAE04EC0-301F-11D3-BF4B-00C04F79EFBC}") = "OnlineStore", "OnlineStore\OnlineStore.csproj", "{D9470497-C6D8-49E9-8CC1-D447AF3D9385}"
EndProject
Project("{FAE04EC0-301F-11D3-BF4B-00C04F79EFBC}") = "OnlineStore.Domain", "OnlineStore.Domain\OnlineStore.Domain.csproj", "{C9B8FB80-632F-40CD-9574-FC0863BF3145}"
EndProject
Project("{FAE04EC0-301F-11D3-BF4B-00C04F79EFBC}") = "OnlineStore.Services", "OnlineStore.Services\OnlineStore.Services.csproj", "{F1CF64D1-DB90-42FA-A401-C35230EF6217}"
EndProject
Project("{FAE04EC0-301F-11D3-BF4B-00C04F79EFBC}") = "OnlineStore.Config", "OnlineStore.Config\OnlineStore.Config.csproj", "{682518D0-EE6E-4EF3-9ABA-09FCC56F6DDF}"
EndProject
Project("{FAE04EC0-301F-11D3-BF4B-00C04F79EFBC}") = "OnlineStore.DataAccess", "OnlineStore.DataAccess\OnlineStore.DataAccess.csproj", "{C069BE89-5A03-4D36-9C92-BA3B27225B73}"
EndProject
Global
	GlobalSection(SolutionConfigurationPlatforms) = preSolution
		Debug|Any CPU = Debug|Any CPU
		Release|Any CPU = Release|Any CPU
	EndGlobalSection
	GlobalSection(ProjectConfigurationPlatforms) = postSolution
		{D9470497-C6D8-49E9-8CC1-D447AF3D9385}.Debug|Any CPU.ActiveCfg = Debug|Any CPU
		{D9470497-C6D8-49E9-8CC1-D447AF3D9385}.Debug|Any CPU.Build.0 = Debug|Any CPU
		{D9470497-C6D8-49E9-8CC1-D447AF3D9385}.Release|Any CPU.ActiveCfg = Release|Any CPU
		{D9470497-C6D8-49E9-8CC1-D447AF3D9385}.Release|Any CPU.Build.0 = Release|Any CPU
		{C9B8FB80-632F-40CD-9574-FC0863BF3145}.Debug|Any CPU.ActiveCfg = Debug|Any CPU
		{C9B8FB80-632F-40CD-9574-FC0863BF3145}.Debug|Any CPU.Build.0 = Debug|Any CPU
		{C9B8FB80-632F-40CD-9574-FC0863BF3145}.Release|Any CPU.ActiveCfg = Release|Any CPU
		{C9B8FB80-632F-40CD-9574-FC0863BF3145}.Release|Any CPU.Build.0 = Release|Any CPU
		{F1CF64D1-DB90-42FA-A401-C35230EF6217}.Debug|Any CPU.ActiveCfg = Debug|Any CPU
		{F1CF64D1-DB90-42FA-A401-C35230EF6217}.Debug|Any CPU.Build.0 = Debug|Any CPU
		{F1CF64D1-DB90-42FA-A401-C35230EF6217}.Release|Any CPU.ActiveCfg = Release|Any CPU
		{F1CF64D1-DB90-42FA-A401-C35230EF6217}.Release|Any CPU.Build.0 = Release|Any CPU
		{682518D0-EE6E-4EF3-9ABA-09FCC56F6DDF}.Debug|Any CPU.ActiveCfg = Debug|Any CPU
		{682518D0-EE6E-4EF3-9ABA-09FCC56F6DDF}.Debug|Any CPU.Build.0 = Debug|Any CPU
		{682518D0-EE6E-4EF3-9ABA-09FCC56F6DDF}.Release|Any CPU.ActiveCfg = Release|Any CPU
		{682518D0-EE6E-4EF3-9ABA-09FCC56F6DDF}.Release|Any CPU.Build.0 = Release|Any CPU
		{C069BE89-5A03-4D36-9C92-BA3B27225B73}.Debug|Any CPU.ActiveCfg = Debug|Any CPU
		{C069BE89-5A03-4D36-9C92-BA3B27225B73}.Debug|Any CPU.Build.0 = Debug|Any CPU
		{C069BE89-5A03-4D36-9C92-BA3B27225B73}.Release|Any CPU.ActiveCfg = Release|Any CPU
		{C069BE89-5A03-4D36-9C92-BA3B27225B73}.Release|Any CPU.Build.0 = Release|Any CPU
	EndGlobalSection
	GlobalSection(SolutionProperties) = preSolution
		HideSolutionNode = FALSE
	EndGlobalSection
	GlobalSection(ExtensibilityGlobals) = postSolution
		SolutionGuid = {9AEB8C15-AA56-4E2E-8009-8C72DD2628A7}
	EndGlobalSection
EndGlobal
